
Microsoft Visual Studio Solution File, Format Version 12.00
# Visual Studio 14
VisualStudioVersion = 14.0.25420.1
MinimumVisualStudioVersion = 10.0.40219.1
Project("{FAE04EC0-301F-11D3-BF4B-00C04F79EFBC}") = "SocNet", "SocNet\SocNet.csproj", "{ADABCDF1-B8A4-4608-A4BA-93EADAC8E305}"
EndProject
Project("{FAE04EC0-301F-11D3-BF4B-00C04F79EFBC}") = "FlickrServices", "FlickrServices\FlickrServices.csproj", "{5D097272-7E0E-4484-8A79-1F0E89AEC5C8}"
EndProject
Project("{FAE04EC0-301F-11D3-BF4B-00C04F79EFBC}") = "TwitterServices", "TwitterServices\TwitterServices.csproj", "{DDF18378-364A-4F12-9796-CC02359DA3B2}"
EndProject
Project("{FAE04EC0-301F-11D3-BF4B-00C04F79EFBC}") = "AnalysisServices", "AnalysisServices\AnalysisServices.csproj", "{CE541844-31FD-4D95-965E-57ADBD24EAF1}"
EndProject
Project("{FAE04EC0-301F-11D3-BF4B-00C04F79EFBC}") = "EPXSocNet", "EPXSocNet\EPXSocNet.csproj", "{3EC98707-E159-480D-ADF5-E6BA2A29BAF9}"
EndProject
Global
	GlobalSection(SolutionConfigurationPlatforms) = preSolution
		Debug|Any CPU = Debug|Any CPU
		Release|Any CPU = Release|Any CPU
	EndGlobalSection
	GlobalSection(ProjectConfigurationPlatforms) = postSolution
		{ADABCDF1-B8A4-4608-A4BA-93EADAC8E305}.Debug|Any CPU.ActiveCfg = Debug|Any CPU
		{ADABCDF1-B8A4-4608-A4BA-93EADAC8E305}.Debug|Any CPU.Build.0 = Debug|Any CPU
		{ADABCDF1-B8A4-4608-A4BA-93EADAC8E305}.Release|Any CPU.ActiveCfg = Release|Any CPU
		{ADABCDF1-B8A4-4608-A4BA-93EADAC8E305}.Release|Any CPU.Build.0 = Release|Any CPU
		{5D097272-7E0E-4484-8A79-1F0E89AEC5C8}.Debug|Any CPU.ActiveCfg = Debug|Any CPU
		{5D097272-7E0E-4484-8A79-1F0E89AEC5C8}.Debug|Any CPU.Build.0 = Debug|Any CPU
		{5D097272-7E0E-4484-8A79-1F0E89AEC5C8}.Release|Any CPU.ActiveCfg = Release|Any CPU
		{5D097272-7E0E-4484-8A79-1F0E89AEC5C8}.Release|Any CPU.Build.0 = Release|Any CPU
		{DDF18378-364A-4F12-9796-CC02359DA3B2}.Debug|Any CPU.ActiveCfg = Debug|Any CPU
		{DDF18378-364A-4F12-9796-CC02359DA3B2}.Debug|Any CPU.Build.0 = Debug|Any CPU
		{DDF18378-364A-4F12-9796-CC02359DA3B2}.Release|Any CPU.ActiveCfg = Release|Any CPU
		{DDF18378-364A-4F12-9796-CC02359DA3B2}.Release|Any CPU.Build.0 = Release|Any CPU
		{CE541844-31FD-4D95-965E-57ADBD24EAF1}.Debug|Any CPU.ActiveCfg = Debug|Any CPU
		{CE541844-31FD-4D95-965E-57ADBD24EAF1}.Debug|Any CPU.Build.0 = Debug|Any CPU
		{CE541844-31FD-4D95-965E-57ADBD24EAF1}.Release|Any CPU.ActiveCfg = Release|Any CPU
		{CE541844-31FD-4D95-965E-57ADBD24EAF1}.Release|Any CPU.Build.0 = Release|Any CPU
		{3EC98707-E159-480D-ADF5-E6BA2A29BAF9}.Debug|Any CPU.ActiveCfg = Debug|Any CPU
		{3EC98707-E159-480D-ADF5-E6BA2A29BAF9}.Debug|Any CPU.Build.0 = Debug|Any CPU
		{3EC98707-E159-480D-ADF5-E6BA2A29BAF9}.Release|Any CPU.ActiveCfg = Release|Any CPU
		{3EC98707-E159-480D-ADF5-E6BA2A29BAF9}.Release|Any CPU.Build.0 = Release|Any CPU
	EndGlobalSection
	GlobalSection(SolutionProperties) = preSolution
		HideSolutionNode = FALSE
	EndGlobalSection
EndGlobal
